
Microsoft Visual Studio Solution File, Format Version 12.00
# Visual Studio 14
VisualStudioVersion = 14.0.24720.0
MinimumVisualStudioVersion = 10.0.40219.1
Project("{2150E333-8FDC-42A3-9474-1A3956D46DE8}") = "src", "src", "{E6A29F82-939F-44D9-8DD7-0B8CBBA864A0}"
EndProject
Project("{FAE04EC0-301F-11D3-BF4B-00C04F79EFBC}") = "WalnutBrain.Core", "src\WalnutBrain.Core\WalnutBrain.Core.csproj", "{A591DEB0-F0A7-4228-A970-81F1807264CE}"
EndProject
Project("{FAE04EC0-301F-11D3-BF4B-00C04F79EFBC}") = "WalnutBrain.Configuration", "src\WalnutBrain.Configuration\WalnutBrain.Configuration.csproj", "{42B6CF88-DD89-43D8-84F3-76C403D60925}"
EndProject
Project("{2150E333-8FDC-42A3-9474-1A3956D46DE8}") = "tests", "tests", "{1EA728F7-2D67-40A7-97A1-936AAFCDA1DC}"
EndProject
Project("{FAE04EC0-301F-11D3-BF4B-00C04F79EFBC}") = "PrimitiveTests", "tests\PrimitiveTests\PrimitiveTests.csproj", "{603994A8-D056-4B63-814E-9C9172B0B5DD}"
EndProject
Project("{FAE04EC0-301F-11D3-BF4B-00C04F79EFBC}") = "WalnutBrain.ThisNLog", "src\WalnutBrain.ThisNLog\WalnutBrain.ThisNLog.csproj", "{76DCE211-A557-4566-9154-1FAC5DCA11BA}"
EndProject
Project("{2150E333-8FDC-42A3-9474-1A3956D46DE8}") = "Libraries", "Libraries", "{FDF5EEDE-A309-470D-BF4F-209314106EC2}"
	ProjectSection(SolutionItems) = preProject
		Libraries\JsonDiffPatch.dll = Libraries\JsonDiffPatch.dll
		Libraries\JsonDiffPatch.pdb = Libraries\JsonDiffPatch.pdb
		Libraries\Tavis.JsonPointer.dll = Libraries\Tavis.JsonPointer.dll
		Libraries\Tavis.JsonPointer.pdb = Libraries\Tavis.JsonPointer.pdb
	EndProjectSection
EndProject
Global
	GlobalSection(SolutionConfigurationPlatforms) = preSolution
		Debug|Any CPU = Debug|Any CPU
		Release|Any CPU = Release|Any CPU
	EndGlobalSection
	GlobalSection(ProjectConfigurationPlatforms) = postSolution
		{A591DEB0-F0A7-4228-A970-81F1807264CE}.Debug|Any CPU.ActiveCfg = Debug|Any CPU
		{A591DEB0-F0A7-4228-A970-81F1807264CE}.Debug|Any CPU.Build.0 = Debug|Any CPU
		{A591DEB0-F0A7-4228-A970-81F1807264CE}.Release|Any CPU.ActiveCfg = Release|Any CPU
		{A591DEB0-F0A7-4228-A970-81F1807264CE}.Release|Any CPU.Build.0 = Release|Any CPU
		{42B6CF88-DD89-43D8-84F3-76C403D60925}.Debug|Any CPU.ActiveCfg = Debug|Any CPU
		{42B6CF88-DD89-43D8-84F3-76C403D60925}.Debug|Any CPU.Build.0 = Debug|Any CPU
		{42B6CF88-DD89-43D8-84F3-76C403D60925}.Release|Any CPU.ActiveCfg = Release|Any CPU
		{42B6CF88-DD89-43D8-84F3-76C403D60925}.Release|Any CPU.Build.0 = Release|Any CPU
		{603994A8-D056-4B63-814E-9C9172B0B5DD}.Debug|Any CPU.ActiveCfg = Debug|Any CPU
		{603994A8-D056-4B63-814E-9C9172B0B5DD}.Debug|Any CPU.Build.0 = Debug|Any CPU
		{603994A8-D056-4B63-814E-9C9172B0B5DD}.Release|Any CPU.ActiveCfg = Release|Any CPU
		{603994A8-D056-4B63-814E-9C9172B0B5DD}.Release|Any CPU.Build.0 = Release|Any CPU
		{76DCE211-A557-4566-9154-1FAC5DCA11BA}.Debug|Any CPU.ActiveCfg = Debug|Any CPU
		{76DCE211-A557-4566-9154-1FAC5DCA11BA}.Debug|Any CPU.Build.0 = Debug|Any CPU
		{76DCE211-A557-4566-9154-1FAC5DCA11BA}.Release|Any CPU.ActiveCfg = Release|Any CPU
		{76DCE211-A557-4566-9154-1FAC5DCA11BA}.Release|Any CPU.Build.0 = Release|Any CPU
	EndGlobalSection
	GlobalSection(SolutionProperties) = preSolution
		HideSolutionNode = FALSE
	EndGlobalSection
	GlobalSection(NestedProjects) = preSolution
		{A591DEB0-F0A7-4228-A970-81F1807264CE} = {E6A29F82-939F-44D9-8DD7-0B8CBBA864A0}
		{42B6CF88-DD89-43D8-84F3-76C403D60925} = {E6A29F82-939F-44D9-8DD7-0B8CBBA864A0}
		{603994A8-D056-4B63-814E-9C9172B0B5DD} = {1EA728F7-2D67-40A7-97A1-936AAFCDA1DC}
		{76DCE211-A557-4566-9154-1FAC5DCA11BA} = {E6A29F82-939F-44D9-8DD7-0B8CBBA864A0}
	EndGlobalSection
EndGlobal
